
Microsoft Visual Studio Solution File, Format Version 12.00
# Visual Studio 14
VisualStudioVersion = 14.0.25420.1
MinimumVisualStudioVersion = 10.0.40219.1
Project("{FAE04EC0-301F-11D3-BF4B-00C04F79EFBC}") = "ControlVehicular", "ControlVehicular\ControlVehicular.csproj", "{8B502086-592A-4F15-89F0-90F8592F758F}"
EndProject
Project("{FAE04EC0-301F-11D3-BF4B-00C04F79EFBC}") = "Modelo", "Modelo\Modelo.csproj", "{A3B04799-0CA8-4575-A612-7CD3D131A0FB}"
EndProject
Global
	GlobalSection(SolutionConfigurationPlatforms) = preSolution
		Debug|Any CPU = Debug|Any CPU
		Release|Any CPU = Release|Any CPU
	EndGlobalSection
	GlobalSection(ProjectConfigurationPlatforms) = postSolution
		{8B502086-592A-4F15-89F0-90F8592F758F}.Debug|Any CPU.ActiveCfg = Debug|Any CPU
		{8B502086-592A-4F15-89F0-90F8592F758F}.Debug|Any CPU.Build.0 = Debug|Any CPU
		{8B502086-592A-4F15-89F0-90F8592F758F}.Release|Any CPU.ActiveCfg = Release|Any CPU
		{8B502086-592A-4F15-89F0-90F8592F758F}.Release|Any CPU.Build.0 = Release|Any CPU
		{A3B04799-0CA8-4575-A612-7CD3D131A0FB}.Debug|Any CPU.ActiveCfg = Debug|Any CPU
		{A3B04799-0CA8-4575-A612-7CD3D131A0FB}.Debug|Any CPU.Build.0 = Debug|Any CPU
		{A3B04799-0CA8-4575-A612-7CD3D131A0FB}.Release|Any CPU.ActiveCfg = Release|Any CPU
		{A3B04799-0CA8-4575-A612-7CD3D131A0FB}.Release|Any CPU.Build.0 = Release|Any CPU
	EndGlobalSection
	GlobalSection(SolutionProperties) = preSolution
		HideSolutionNode = FALSE
	EndGlobalSection
EndGlobal
